
Microsoft Visual Studio Solution File, Format Version 12.00
# Visual Studio Version 17
VisualStudioVersion = 17.2.32516.85
MinimumVisualStudioVersion = 10.0.40219.1
Project("{FAE04EC0-301F-11D3-BF4B-00C04F79EFBC}") = "ComplexExample1", "ComplexExample1.csproj", "{CAC26827-6297-497D-8F7D-E3F7EE053403}"
EndProject
Project("{FAE04EC0-301F-11D3-BF4B-00C04F79EFBC}") = "ConsoleApp1", "..\ConsoleApp1\ConsoleApp1.csproj", "{6A536187-9197-46DB-84A4-3C6CEE4783E3}"
EndProject
Project("{FAE04EC0-301F-11D3-BF4B-00C04F79EFBC}") = "Car", "..\Car\Car.csproj", "{DCDEF38E-A26B-4BC8-8722-FDD307D06393}"
EndProject
Global
	GlobalSection(SolutionConfigurationPlatforms) = preSolution
		Debug|Any CPU = Debug|Any CPU
		Release|Any CPU = Release|Any CPU
	EndGlobalSection
	GlobalSection(ProjectConfigurationPlatforms) = postSolution
		{CAC26827-6297-497D-8F7D-E3F7EE053403}.Debug|Any CPU.ActiveCfg = Debug|Any CPU
		{CAC26827-6297-497D-8F7D-E3F7EE053403}.Debug|Any CPU.Build.0 = Debug|Any CPU
		{CAC26827-6297-497D-8F7D-E3F7EE053403}.Release|Any CPU.ActiveCfg = Release|Any CPU
		{CAC26827-6297-497D-8F7D-E3F7EE053403}.Release|Any CPU.Build.0 = Release|Any CPU
		{6A536187-9197-46DB-84A4-3C6CEE4783E3}.Debug|Any CPU.ActiveCfg = Debug|Any CPU
		{6A536187-9197-46DB-84A4-3C6CEE4783E3}.Debug|Any CPU.Build.0 = Debug|Any CPU
		{6A536187-9197-46DB-84A4-3C6CEE4783E3}.Release|Any CPU.ActiveCfg = Release|Any CPU
		{6A536187-9197-46DB-84A4-3C6CEE4783E3}.Release|Any CPU.Build.0 = Release|Any CPU
		{DCDEF38E-A26B-4BC8-8722-FDD307D06393}.Debug|Any CPU.ActiveCfg = Debug|Any CPU
		{DCDEF38E-A26B-4BC8-8722-FDD307D06393}.Debug|Any CPU.Build.0 = Debug|Any CPU
		{DCDEF38E-A26B-4BC8-8722-FDD307D06393}.Release|Any CPU.ActiveCfg = Release|Any CPU
		{DCDEF38E-A26B-4BC8-8722-FDD307D06393}.Release|Any CPU.Build.0 = Release|Any CPU
	EndGlobalSection
	GlobalSection(SolutionProperties) = preSolution
		HideSolutionNode = FALSE
	EndGlobalSection
	GlobalSection(ExtensibilityGlobals) = postSolution
		SolutionGuid = {6E996829-DDB4-407F-A907-EFD95E1578BE}
	EndGlobalSection
EndGlobal
