
Microsoft Visual Studio Solution File, Format Version 12.00
# Visual Studio Version 16
VisualStudioVersion = 16.0.31729.503
MinimumVisualStudioVersion = 10.0.40219.1
Project("{FAE04EC0-301F-11D3-BF4B-00C04F79EFBC}") = "FileOperations", "FileOperations.csproj", "{58CDB013-E91B-43AB-9072-82C52220DFD5}"
EndProject
Global
	GlobalSection(SolutionConfigurationPlatforms) = preSolution
		Debug|Any CPU = Debug|Any CPU
		Release|Any CPU = Release|Any CPU
	EndGlobalSection
	GlobalSection(ProjectConfigurationPlatforms) = postSolution
		{58CDB013-E91B-43AB-9072-82C52220DFD5}.Debug|Any CPU.ActiveCfg = Debug|Any CPU
		{58CDB013-E91B-43AB-9072-82C52220DFD5}.Debug|Any CPU.Build.0 = Debug|Any CPU
		{58CDB013-E91B-43AB-9072-82C52220DFD5}.Release|Any CPU.ActiveCfg = Release|Any CPU
		{58CDB013-E91B-43AB-9072-82C52220DFD5}.Release|Any CPU.Build.0 = Release|Any CPU
	EndGlobalSection
	GlobalSection(SolutionProperties) = preSolution
		HideSolutionNode = FALSE
	EndGlobalSection
	GlobalSection(ExtensibilityGlobals) = postSolution
		SolutionGuid = {3B5CCD2B-1D13-4C2F-9189-5D587063B49E}
	EndGlobalSection
EndGlobal
