
Microsoft Visual Studio Solution File, Format Version 12.00
# Visual Studio Version 17
VisualStudioVersion = 17.2.32630.192
MinimumVisualStudioVersion = 10.0.40219.1
Project("{FAE04EC0-301F-11D3-BF4B-00C04F79EFBC}") = "TeenageChat", "TeenageChat.csproj", "{48584655-88CF-4984-B242-5ACC984CC996}"
EndProject
Global
	GlobalSection(SolutionConfigurationPlatforms) = preSolution
		Debug|Any CPU = Debug|Any CPU
		Release|Any CPU = Release|Any CPU
	EndGlobalSection
	GlobalSection(ProjectConfigurationPlatforms) = postSolution
		{48584655-88CF-4984-B242-5ACC984CC996}.Debug|Any CPU.ActiveCfg = Debug|Any CPU
		{48584655-88CF-4984-B242-5ACC984CC996}.Debug|Any CPU.Build.0 = Debug|Any CPU
		{48584655-88CF-4984-B242-5ACC984CC996}.Release|Any CPU.ActiveCfg = Release|Any CPU
		{48584655-88CF-4984-B242-5ACC984CC996}.Release|Any CPU.Build.0 = Release|Any CPU
	EndGlobalSection
	GlobalSection(SolutionProperties) = preSolution
		HideSolutionNode = FALSE
	EndGlobalSection
	GlobalSection(ExtensibilityGlobals) = postSolution
		SolutionGuid = {ED7F028E-68A6-4AB8-A2F5-F560F07CC679}
	EndGlobalSection
EndGlobal
