
Microsoft Visual Studio Solution File, Format Version 12.00
# Visual Studio Version 17
VisualStudioVersion = 17.2.32516.85
MinimumVisualStudioVersion = 10.0.40219.1
Project("{FAE04EC0-301F-11D3-BF4B-00C04F79EFBC}") = "TextAnalysis", "TextAnalysis.csproj", "{5B5571A9-E4CB-4030-B0A5-29BD1A70DF5B}"
EndProject
Global
	GlobalSection(SolutionConfigurationPlatforms) = preSolution
		Debug|Any CPU = Debug|Any CPU
		Release|Any CPU = Release|Any CPU
	EndGlobalSection
	GlobalSection(ProjectConfigurationPlatforms) = postSolution
		{5B5571A9-E4CB-4030-B0A5-29BD1A70DF5B}.Debug|Any CPU.ActiveCfg = Debug|Any CPU
		{5B5571A9-E4CB-4030-B0A5-29BD1A70DF5B}.Debug|Any CPU.Build.0 = Debug|Any CPU
		{5B5571A9-E4CB-4030-B0A5-29BD1A70DF5B}.Release|Any CPU.ActiveCfg = Release|Any CPU
		{5B5571A9-E4CB-4030-B0A5-29BD1A70DF5B}.Release|Any CPU.Build.0 = Release|Any CPU
	EndGlobalSection
	GlobalSection(SolutionProperties) = preSolution
		HideSolutionNode = FALSE
	EndGlobalSection
	GlobalSection(ExtensibilityGlobals) = postSolution
		SolutionGuid = {C0274E7E-22A8-4E78-8E61-D18F981F3234}
	EndGlobalSection
EndGlobal
