
Microsoft Visual Studio Solution File, Format Version 12.00
# Visual Studio Version 17
VisualStudioVersion = 17.2.32516.85
MinimumVisualStudioVersion = 10.0.40219.1
Project("{FAE04EC0-301F-11D3-BF4B-00C04F79EFBC}") = "OrienteeringRun", "OrienteeringRun.csproj", "{511A88B6-6D51-4123-9880-8A33243833AF}"
EndProject
Global
	GlobalSection(SolutionConfigurationPlatforms) = preSolution
		Debug|Any CPU = Debug|Any CPU
		Release|Any CPU = Release|Any CPU
	EndGlobalSection
	GlobalSection(ProjectConfigurationPlatforms) = postSolution
		{511A88B6-6D51-4123-9880-8A33243833AF}.Debug|Any CPU.ActiveCfg = Debug|Any CPU
		{511A88B6-6D51-4123-9880-8A33243833AF}.Debug|Any CPU.Build.0 = Debug|Any CPU
		{511A88B6-6D51-4123-9880-8A33243833AF}.Release|Any CPU.ActiveCfg = Release|Any CPU
		{511A88B6-6D51-4123-9880-8A33243833AF}.Release|Any CPU.Build.0 = Release|Any CPU
	EndGlobalSection
	GlobalSection(SolutionProperties) = preSolution
		HideSolutionNode = FALSE
	EndGlobalSection
	GlobalSection(ExtensibilityGlobals) = postSolution
		SolutionGuid = {89721DA3-B1B6-450A-94A9-744212EC4546}
	EndGlobalSection
EndGlobal
